# This file was autogenerated by uv via the following command:
#    uv export --all-extras --no-emit-project --no-hashes --format requirements.txt -o constraints.lock
aioodbc==0.5.0
    # via messagefoundry
aiosqlite==0.22.1
    # via messagefoundry
annotated-doc==0.0.4
    # via fastapi
annotated-types==0.7.0
    # via
    #   messagefoundry
    #   pydantic
antlr4-python3-runtime==4.13.2
    # via fhirpathpy
anyio==4.14.0
    # via
    #   httpx
    #   starlette
    #   watchfiles
argon2-cffi==25.1.0
    # via messagefoundry
argon2-cffi-bindings==25.1.0
    # via argon2-cffi
ast-serialize==0.6.0
    # via mypy
asyncpg==0.31.0
    # via messagefoundry
bcrypt==5.0.0
    # via paramiko
cbor2==6.1.2
    # via webauthn
certifi==2026.6.17
    # via
    #   httpcore
    #   httpx
    #   requests
    #   signxml
cffi==2.0.0
    # via
    #   argon2-cffi-bindings
    #   cryptography
    #   pynacl
charset-normalizer==3.4.7
    # via requests
click==8.4.1
    # via uvicorn
colorama==0.4.6 ; sys_platform == 'win32'
    # via
    #   click
    #   pytest
    #   uvicorn
cryptography==50.0.1
    # via
    #   messagefoundry
    #   paramiko
    #   pyopenssl
    #   pyspnego
    #   signxml
    #   webauthn
defusedxml==0.7.1
    # via
    #   messagefoundry
    #   pyx12
elementpath==5.1.3
    # via xmlschema
execnet==2.1.2
    # via pytest-xdist
fastapi==0.141.1
    # via messagefoundry
fhir-core==1.1.9
    # via fhir-resources
fhir-resources==8.3.0
    # via messagefoundry
fhirpathpy==2.2.4
    # via messagefoundry
googleapis-common-protos==1.75.0
    # via
    #   opentelemetry-exporter-otlp-proto-grpc
    #   opentelemetry-exporter-otlp-proto-http
grpcio==1.81.1
    # via opentelemetry-exporter-otlp-proto-grpc
h11==0.16.0
    # via
    #   httpcore
    #   uvicorn
hl7==0.4.5
    # via messagefoundry
hl7apy==1.3.5
    # via messagefoundry
httpcore==1.0.9
    # via httpx
httptools==0.8.0
    # via uvicorn
httpx==0.28.1
    # via messagefoundry
hvac==2.4.0
    # via messagefoundry
idna==3.18
    # via
    #   anyio
    #   httpx
    #   requests
iniconfig==2.3.0
    # via pytest
invoke==3.0.3
    # via paramiko
ldap3==2.9.1
    # via messagefoundry
librt==0.13.0 ; platform_python_implementation != 'PyPy'
    # via mypy
lxml==6.1.2
    # via
    #   messagefoundry
    #   signxml
mypy==2.3.1
    # via messagefoundry
mypy-extensions==1.1.0
    # via mypy
opentelemetry-api==1.44.0
    # via
    #   opentelemetry-exporter-otlp-proto-grpc
    #   opentelemetry-exporter-otlp-proto-http
    #   opentelemetry-sdk
    #   opentelemetry-semantic-conventions
opentelemetry-exporter-otlp==1.44.0
    # via messagefoundry
opentelemetry-exporter-otlp-proto-common==1.44.0
    # via
    #   opentelemetry-exporter-otlp-proto-grpc
    #   opentelemetry-exporter-otlp-proto-http
opentelemetry-exporter-otlp-proto-grpc==1.44.0
    # via opentelemetry-exporter-otlp
opentelemetry-exporter-otlp-proto-http==1.44.0
    # via opentelemetry-exporter-otlp
opentelemetry-proto==1.44.0
    # via
    #   opentelemetry-exporter-otlp-proto-common
    #   opentelemetry-exporter-otlp-proto-grpc
    #   opentelemetry-exporter-otlp-proto-http
opentelemetry-sdk==1.44.0
    # via
    #   messagefoundry
    #   opentelemetry-exporter-otlp-proto-grpc
    #   opentelemetry-exporter-otlp-proto-http
opentelemetry-semantic-conventions==0.65b0
    # via opentelemetry-sdk
packaging==26.2
    # via
    #   pytest
    #   pytest-rerunfailures
paramiko==5.0.0
    # via messagefoundry
pathspec==1.1.1
    # via mypy
pluggy==1.6.0
    # via pytest
prometheus-client==0.26.0
    # via messagefoundry
protobuf==6.33.6
    # via
    #   googleapis-common-protos
    #   opentelemetry-proto
psutil==7.2.2
    # via messagefoundry
pyasn1==0.6.4
    # via
    #   ldap3
    #   pyasn1-modules
    #   webauthn
pyasn1-modules==0.4.2
    # via webauthn
pycparser==3.0 ; implementation_name != 'PyPy'
    # via cffi
pydantic==2.13.5
    # via
    #   fastapi
    #   fhir-core
    #   messagefoundry
pydantic-core==2.46.5
    # via pydantic
pydicom==3.0.2
    # via
    #   messagefoundry
    #   pynetdicom
pygments==2.20.0
    # via pytest
pynacl==1.6.2
    # via paramiko
pynetdicom==3.0.4
    # via messagefoundry
pyodbc==5.3.0
    # via aioodbc
pyopenssl==26.4.0
    # via webauthn
pyside6==6.11.2
    # via messagefoundry
pyside6-addons==6.11.2
    # via pyside6
pyside6-essentials==6.11.2
    # via
    #   pyside6
    #   pyside6-addons
pyspnego==0.12.2
    # via messagefoundry
pytest==9.1.1
    # via
    #   messagefoundry
    #   pytest-asyncio
    #   pytest-rerunfailures
    #   pytest-timeout
    #   pytest-xdist
pytest-asyncio==1.4.0
    # via messagefoundry
pytest-rerunfailures==16.6
    # via messagefoundry
pytest-timeout==2.4.0
    # via messagefoundry
pytest-xdist==3.8.0
    # via messagefoundry
python-dateutil==2.9.0.post0
    # via fhirpathpy
python-dotenv==1.2.2
    # via uvicorn
pyx12==4.0.0
    # via messagefoundry
pyyaml==6.0.3
    # via uvicorn
requests==2.34.2
    # via
    #   hvac
    #   opentelemetry-exporter-otlp-proto-http
ruff==0.15.22
    # via messagefoundry
shiboken6==6.11.2
    # via
    #   pyside6
    #   pyside6-addons
    #   pyside6-essentials
signxml==5.1.0
    # via messagefoundry
six==1.17.0
    # via python-dateutil
sspilib==0.5.0 ; sys_platform == 'win32'
    # via pyspnego
starlette==1.6.0
    # via
    #   fastapi
    #   messagefoundry
tomlkit==0.15.1
    # via messagefoundry
truststore==0.10.4
    # via messagefoundry
typing-extensions==4.15.0
    # via
    #   fastapi
    #   grpcio
    #   mypy
    #   opentelemetry-api
    #   opentelemetry-exporter-otlp-proto-grpc
    #   opentelemetry-exporter-otlp-proto-http
    #   opentelemetry-sdk
    #   opentelemetry-semantic-conventions
    #   pydantic
    #   pydantic-core
    #   typing-inspection
typing-inspection==0.4.2
    # via
    #   fastapi
    #   pydantic
tzdata==2026.3
    # via messagefoundry
urllib3==2.7.0
    # via requests
uvicorn==0.49.0
    # via messagefoundry
uvloop==0.22.1 ; platform_python_implementation != 'PyPy' and sys_platform != 'cygwin' and sys_platform != 'win32'
    # via uvicorn
watchfiles==1.2.0
    # via uvicorn
webauthn==3.0.0
    # via messagefoundry
websockets==16.0
    # via uvicorn
xmlschema==4.3.2
    # via messagefoundry
